<?xml version="1.0" encoding="utf-8"?>
<Project ToolsVersion="4.0" xmlns="http://schemas.microsoft.com/developer/msbuild/2003">
  <ItemGroup>
    <Filter Include="源文件">
      <UniqueIdentifier>{4FC737F1-C7A5-4376-A066-2A32D752A2FF}</UniqueIdentifier>
      <Extensions>cpp;c;cc;cxx;c++;cppm;ixx;def;odl;idl;hpj;bat;asm;asmx</Extensions>
    </Filter>
    <Filter Include="头文件">
      <UniqueIdentifier>{93995380-89BD-4b04-88EB-625FBE52EBFB}</UniqueIdentifier>
      <Extensions>h;hh;hpp;hxx;h++;hm;inl;inc;ipp;xsd</Extensions>
    </Filter>
  </ItemGroup>
  <ItemGroup>
    <ClInclude Include="src\google\protobuf\any.h">
      <Filter>头文件</Filter>
    </ClInclude>
    <ClInclude Include="src\google\protobuf\arena.h">
      <Filter>头文件</Filter>
    </ClInclude>
    <ClInclude Include="src\google\protobuf\arena_impl.h">
      <Filter>头文件</Filter>
    </ClInclude>
    <ClInclude Include="src\google\protobuf\arenastring.h">
      <Filter>头文件</Filter>
    </ClInclude>
    <ClInclude Include="src\google\protobuf\endian.h">
      <Filter>头文件</Filter>
    </ClInclude>
    <ClInclude Include="src\google\protobuf\extension_set_inl.h">
      <Filter>头文件</Filter>
    </ClInclude>
    <ClInclude Include="src\google\protobuf\extension_set.h">
      <Filter>头文件</Filter>
    </ClInclude>
    <ClInclude Include="src\google\protobuf\generated_enum_util.h">
      <Filter>头文件</Filter>
    </ClInclude>
    <ClInclude Include="src\google\protobuf\generated_message_tctable_decl.h">
      <Filter>头文件</Filter>
    </ClInclude>
    <ClInclude Include="src\google\protobuf\generated_message_tctable_impl.h">
      <Filter>头文件</Filter>
    </ClInclude>
    <ClInclude Include="src\google\protobuf\generated_message_util.h">
      <Filter>头文件</Filter>
    </ClInclude>
    <ClInclude Include="src\google\protobuf\has_bits.h">
      <Filter>头文件</Filter>
    </ClInclude>
    <ClInclude Include="src\google\protobuf\implicit_weak_message.h">
      <Filter>头文件</Filter>
    </ClInclude>
    <ClInclude Include="src\google\protobuf\inlined_string_field.h">
      <Filter>头文件</Filter>
    </ClInclude>
    <ClInclude Include="src\google\protobuf\map.h">
      <Filter>头文件</Filter>
    </ClInclude>
    <ClInclude Include="src\google\protobuf\map_entry_lite.h">
      <Filter>头文件</Filter>
    </ClInclude>
    <ClInclude Include="src\google\protobuf\map_field_lite.h">
      <Filter>头文件</Filter>
    </ClInclude>
    <ClInclude Include="src\google\protobuf\message_lite.h">
      <Filter>头文件</Filter>
    </ClInclude>
    <ClInclude Include="src\google\protobuf\metadata_lite.h">
      <Filter>头文件</Filter>
    </ClInclude>
    <ClInclude Include="src\google\protobuf\stubs\bytestream.h">
      <Filter>头文件</Filter>
    </ClInclude>
    <ClInclude Include="src\google\protobuf\stubs\casts.h">
      <Filter>头文件</Filter>
    </ClInclude>
    <ClInclude Include="src\google\protobuf\stubs\callback.h">
      <Filter>头文件</Filter>
    </ClInclude>
    <ClInclude Include="src\google\protobuf\stubs\common.h">
      <Filter>头文件</Filter>
    </ClInclude>
    <ClInclude Include="src\google\protobuf\explicitly_constructed.h">
      <Filter>头文件</Filter>
    </ClInclude>
    <ClInclude Include="src\google\protobuf\arenaz_sampler.h">
      <Filter>头文件</Filter>
    </ClInclude>
    <ClInclude Include="src\google\protobuf\io\coded_stream.h">
      <Filter>头文件</Filter>
    </ClInclude>
    <ClInclude Include="src\google\protobuf\stubs\hash.h">
      <Filter>头文件</Filter>
    </ClInclude>
    <ClInclude Include="src\google\protobuf\stubs\logging.h">
      <Filter>头文件</Filter>
    </ClInclude>
    <ClInclude Include="src\google\protobuf\stubs\macros.h">
      <Filter>头文件</Filter>
    </ClInclude>
    <ClInclude Include="src\google\protobuf\io\io_win32.h">
      <Filter>头文件</Filter>
    </ClInclude>
    <ClInclude Include="src\google\protobuf\map_type_handler.h">
      <Filter>头文件</Filter>
    </ClInclude>
    <ClInclude Include="src\google\protobuf\stubs\map_util.h">
      <Filter>头文件</Filter>
    </ClInclude>
    <ClInclude Include="src\google\protobuf\stubs\mutex.h">
      <Filter>头文件</Filter>
    </ClInclude>
    <ClInclude Include="src\google\protobuf\stubs\once.h">
      <Filter>头文件</Filter>
    </ClInclude>
    <ClInclude Include="src\google\protobuf\parse_context.h">
      <Filter>头文件</Filter>
    </ClInclude>
    <ClInclude Include="src\google\protobuf\stubs\platform_macros.h">
      <Filter>头文件</Filter>
    </ClInclude>
    <ClInclude Include="src\google\protobuf\stubs\port.h">
      <Filter>头文件</Filter>
    </ClInclude>
    <ClInclude Include="src\google\protobuf\port.h">
      <Filter>头文件</Filter>
    </ClInclude>
    <ClInclude Include="src\google\protobuf\repeated_field.h">
      <Filter>头文件</Filter>
    </ClInclude>
    <ClInclude Include="src\google\protobuf\repeated_ptr_field.h">
      <Filter>头文件</Filter>
    </ClInclude>
    <ClInclude Include="src\google\protobuf\stubs\status.h">
      <Filter>头文件</Filter>
    </ClInclude>
    <ClInclude Include="src\google\protobuf\stubs\stl_util.h">
      <Filter>头文件</Filter>
    </ClInclude>
    <ClInclude Include="src\google\protobuf\stubs\stringpiece.h">
      <Filter>头文件</Filter>
    </ClInclude>
    <ClInclude Include="src\google\protobuf\stubs\strutil.h">
      <Filter>头文件</Filter>
    </ClInclude>
    <ClInclude Include="src\google\protobuf\io\strtod.h">
      <Filter>头文件</Filter>
    </ClInclude>
    <ClInclude Include="src\google\protobuf\io\zero_copy_stream_impl_lite.h">
      <Filter>头文件</Filter>
    </ClInclude>
    <ClInclude Include="src\google\protobuf\io\zero_copy_stream.h">
      <Filter>头文件</Filter>
    </ClInclude>
    <ClInclude Include="src\google\protobuf\io\zero_copy_stream_impl.h">
      <Filter>头文件</Filter>
    </ClInclude>
    <ClInclude Include="src\google\protobuf\wire_format_lite.h">
      <Filter>头文件</Filter>
    </ClInclude>
    <ClInclude Include="src\google\protobuf\stubs\template_util.h">
      <Filter>头文件</Filter>
    </ClInclude>
  </ItemGroup>
  <ItemGroup>
    <ClCompile Include="src\google\protobuf\any_lite.cc">
      <Filter>源文件</Filter>
    </ClCompile>
    <ClCompile Include="src\google\protobuf\arena.cc">
      <Filter>源文件</Filter>
    </ClCompile>
    <ClCompile Include="src\google\protobuf\arenastring.cc">
      <Filter>源文件</Filter>
    </ClCompile>
    <ClCompile Include="src\google\protobuf\arenaz_sampler.cc">
      <Filter>源文件</Filter>
    </ClCompile>
    <ClCompile Include="src\google\protobuf\stubs\bytestream.cc">
      <Filter>源文件</Filter>
    </ClCompile>
    <ClCompile Include="src\google\protobuf\io\coded_stream.cc">
      <Filter>源文件</Filter>
    </ClCompile>
    <ClCompile Include="src\google\protobuf\stubs\common.cc">
      <Filter>源文件</Filter>
    </ClCompile>
    <ClCompile Include="src\google\protobuf\extension_set.cc">
      <Filter>源文件</Filter>
    </ClCompile>
    <ClCompile Include="src\google\protobuf\generated_enum_util.cc">
      <Filter>源文件</Filter>
    </ClCompile>
    <ClCompile Include="src\google\protobuf\generated_message_tctable_lite.cc">
      <Filter>源文件</Filter>
    </ClCompile>
    <ClCompile Include="src\google\protobuf\generated_message_util.cc">
      <Filter>源文件</Filter>
    </ClCompile>
    <ClCompile Include="src\google\protobuf\implicit_weak_message.cc">
      <Filter>源文件</Filter>
    </ClCompile>
    <ClCompile Include="src\google\protobuf\inlined_string_field.cc">
      <Filter>源文件</Filter>
    </ClCompile>
    <ClCompile Include="src\google\protobuf\stubs\int128.cc">
      <Filter>源文件</Filter>
    </ClCompile>
    <ClCompile Include="src\google\protobuf\map.cc">
      <Filter>源文件</Filter>
    </ClCompile>
    <ClCompile Include="src\google\protobuf\message_lite.cc">
      <Filter>源文件</Filter>
    </ClCompile>
    <ClCompile Include="src\google\protobuf\parse_context.cc">
      <Filter>源文件</Filter>
    </ClCompile>
    <ClCompile Include="src\google\protobuf\repeated_field.cc">
      <Filter>源文件</Filter>
    </ClCompile>
    <ClCompile Include="src\google\protobuf\wire_format_lite.cc">
      <Filter>源文件</Filter>
    </ClCompile>
    <ClCompile Include="src\google\protobuf\io\zero_copy_stream_impl_lite.cc">
      <Filter>源文件</Filter>
    </ClCompile>
    <ClCompile Include="src\google\protobuf\io\zero_copy_stream.cc">
      <Filter>源文件</Filter>
    </ClCompile>
    <ClCompile Include="src\google\protobuf\io\zero_copy_stream_impl.cc">
      <Filter>源文件</Filter>
    </ClCompile>
    <ClCompile Include="src\google\protobuf\stubs\time.cc">
      <Filter>源文件</Filter>
    </ClCompile>
    <ClCompile Include="src\google\protobuf\stubs\strutil.cc">
      <Filter>源文件</Filter>
    </ClCompile>
    <ClCompile Include="src\google\protobuf\stubs\structurally_valid.cc">
      <Filter>源文件</Filter>
    </ClCompile>
    <ClCompile Include="src\google\protobuf\stubs\stringprintf.cc">
      <Filter>源文件</Filter>
    </ClCompile>
    <ClCompile Include="src\google\protobuf\stubs\stringpiece.cc">
      <Filter>源文件</Filter>
    </ClCompile>
    <ClCompile Include="src\google\protobuf\stubs\statusor.cc">
      <Filter>源文件</Filter>
    </ClCompile>
    <ClCompile Include="src\google\protobuf\io\io_win32.cc">
      <Filter>源文件</Filter>
    </ClCompile>
    <ClCompile Include="src\google\protobuf\io\strtod.cc">
      <Filter>源文件</Filter>
    </ClCompile>
    <ClCompile Include="src\google\protobuf\repeated_ptr_field.cc">
      <Filter>源文件</Filter>
    </ClCompile>
    <ClCompile Include="src\google\protobuf\stubs\status.cc">
      <Filter>源文件</Filter>
    </ClCompile>
  </ItemGroup>
  <ItemGroup>
    <ResourceCompile Include="src\google\protobuf\version.rc">
      <Filter>源文件</Filter>
    </ResourceCompile>
  </ItemGroup>
</Project>